// !$*UTF8*$!
{
	archiveVersion = 1;
	classes = {
	};
	objectVersion = 77;
	objects = {

/* Begin PBXContainerItemProxy section */
		0199CCC92E3396F400611C73 /* PBXContainerItemProxy */ = {
			isa = PBXContainerItemProxy;
			containerPortal = 0199CCAC2E3396F000611C73 /* Project object */;
			proxyType = 1;
			remoteGlobalIDString = 0199CCB32E3396F000611C73;
			remoteInfo = FactCheckerApp;
		};
		0199CCD32E3396F400611C73 /* PBXContainerItemProxy */ = {
			isa = PBXContainerItemProxy;
			containerPortal = 0199CCAC2E3396F000611C73 /* Project object */;
			proxyType = 1;
			remoteGlobalIDString = 0199CCB32E3396F000611C73;
			remoteInfo = FactCheckerApp;
		};
/* End PBXContainerItemProxy section */

/* Begin PBXFileReference section */
		0199CCB42E3396F000611C73 /* FactCheckerApp.app */ = {isa = PBXFileReference; explicitFileType = wrapper.application; includeInIndex = 0; path = FactCheckerApp.app; sourceTree = BUILT_PRODUCTS_DIR; };
		0199CCC82E3396F400611C73 /* FactCheckerAppTests.xctest */ = {isa = PBXFileReference; explicitFileType = wrapper.cfbundle; includeInIndex = 0; path = FactCheckerAppTests.xctest; sourceTree = BUILT_PRODUCTS_DIR; };
		0199CCD22E3396F400611C73 /* FactCheckerAppUITests.xctest */ = {isa = PBXFileReference; explicitFileType = wrapper.cfbundle; includeInIndex = 0; path = FactCheckerAppUITests.xctest; sourceTree = BUILT_PRODUCTS_DIR; };
/* End PBXFileReference section */

/* Begin PBXFileSystemSynchronizedBuildFileExceptionSet section */
		0199CCDA2E3396F400611C73 /* Exceptions for "FactCheckerApp" folder in "FactCheckerApp" target */ = {
			isa = PBXFileSystemSynchronizedBuildFileExceptionSet;
			membershipExceptions = (
				App/Info.plist,
			);
			target = 0199CCB32E3396F000611C73 /* FactCheckerApp */;
		};
		0199CD432E33A05100611C73 /* Exceptions for "FactCheckerAppTests" folder in "FactCheckerAppTests" target */ = {
			isa = PBXFileSystemSynchronizedBuildFileExceptionSet;
			membershipExceptions = (
				FactCheckServiceTests.swift,
				PerformanceTests.swift,
				SpeakerServiceTests.swift,
			);
			target = 0199CCC72E3396F400611C73 /* FactCheckerAppTests */;
		};
		0199CD442E33A05100611C73 /* Exceptions for "FactCheckerAppTests" folder in "FactCheckerAppUITests" target */ = {
			isa = PBXFileSystemSynchronizedBuildFileExceptionSet;
			membershipExceptions = (
				FactCheckServiceTests.swift,
				PerformanceTests.swift,
				SpeakerServiceTests.swift,
			);
			target = 0199CCD12E3396F400611C73 /* FactCheckerAppUITests */;
		};
/* End PBXFileSystemSynchronizedBuildFileExceptionSet section */

/* Begin PBXFileSystemSynchronizedRootGroup section */
		0199CCB62E3396F000611C73 /* FactCheckerApp */ = {
			isa = PBXFileSystemSynchronizedRootGroup;
			exceptions = (
				0199CCDA2E3396F400611C73 /* Exceptions for "FactCheckerApp" folder in "FactCheckerApp" target */,
			);
			path = FactCheckerApp;
			sourceTree = "<group>";
		};
		0199CCCB2E3396F400611C73 /* FactCheckerAppTests */ = {
			isa = PBXFileSystemSynchronizedRootGroup;
			exceptions = (
				0199CD432E33A05100611C73 /* Exceptions for "FactCheckerAppTests" folder in "FactCheckerAppTests" target */,
				0199CD442E33A05100611C73 /* Exceptions for "FactCheckerAppTests" folder in "FactCheckerAppUITests" target */,
			);
			path = FactCheckerAppTests;
			sourceTree = "<group>";
		};
		0199CCD52E3396F400611C73 /* FactCheckerAppUITests */ = {
			isa = PBXFileSystemSynchronizedRootGroup;
			path = FactCheckerAppUITests;
			sourceTree = "<group>";
		};
/* End PBXFileSystemSynchronizedRootGroup section */

/* Begin PBXFrameworksBuildPhase section */
		0199CCB12E3396F000611C73 /* Frameworks */ = {
			isa = PBXFrameworksBuildPhase;
			buildActionMask = 2147483647;
			files = (
			);
			runOnlyForDeploymentPostprocessing = 0;
		};
		0199CCC52E3396F400611C73 /* Frameworks */ = {
			isa = PBXFrameworksBuildPhase;
			buildActionMask = 2147483647;
			files = (
			);
			runOnlyForDeploymentPostprocessing = 0;
		};
		0199CCCF2E3396F400611C73 /* Frameworks */ = {
			isa = PBXFrameworksBuildPhase;
			buildActionMask = 2147483647;
			files = (
			);
			runOnlyForDeploymentPostprocessing = 0;
		};
/* End PBXFrameworksBuildPhase section */

/* Begin PBXGroup section */
		0199CCAB2E3396F000611C73 = {
			isa = PBXGroup;
			children = (
				0199CCB62E3396F000611C73 /* FactCheckerApp */,
				0199CCCB2E3396F400611C73 /* FactCheckerAppTests */,
				0199CCD52E3396F400611C73 /* FactCheckerAppUITests */,
				0199CCB52E3396F000611C73 /* Products */,
			);
			sourceTree = "<group>";
		};
		0199CCB52E3396F000611C73 /* Products */ = {
			isa = PBXGroup;
			children = (
				0199CCB42E3396F000611C73 /* FactCheckerApp.app */,
				0199CCC82E3396F400611C73 /* FactCheckerAppTests.xctest */,
				0199CCD22E3396F400611C73 /* FactCheckerAppUITests.xctest */,
			);
			name = Products;
			sourceTree = "<group>";
		};
/* End PBXGroup section */

/* Begin PBXNativeTarget section */
		0199CCB32E3396F000611C73 /* FactCheckerApp */ = {
			isa = PBXNativeTarget;
			buildConfigurationList = 0199CCDB2E3396F400611C73 /* Build configuration list for PBXNativeTarget "FactCheckerApp" */;
			buildPhases = (
				0199CCB02E3396F000611C73 /* Sources */,
				0199CCB12E3396F000611C73 /* Frameworks */,
				0199CCB22E3396F000611C73 /* Resources */,
			);
			buildRules = (
			);
			dependencies = (
			);
			fileSystemSynchronizedGroups = (
				0199CCB62E3396F000611C73 /* FactCheckerApp */,
			);
			name = FactCheckerApp;
			packageProductDependencies = (
			);
			productName = FactCheckerApp;
			productReference = 0199CCB42E3396F000611C73 /* FactCheckerApp.app */;
			productType = "com.apple.product-type.application";
		};
		0199CCC72E3396F400611C73 /* FactCheckerAppTests */ = {
			isa = PBXNativeTarget;
			buildConfigurationList = 0199CCE02E3396F400611C73 /* Build configuration list for PBXNativeTarget "FactCheckerAppTests" */;
			buildPhases = (
				0199CCC42E3396F400611C73 /* Sources */,
				0199CCC52E3396F400611C73 /* Frameworks */,
				0199CCC62E3396F400611C73 /* Resources */,
			);
			buildRules = (
			);
			dependencies = (
				0199CCCA2E3396F400611C73 /* PBXTargetDependency */,
			);
			fileSystemSynchronizedGroups = (
				0199CCCB2E3396F400611C73 /* FactCheckerAppTests */,
			);
			name = FactCheckerAppTests;
			packageProductDependencies = (
			);
			productName = FactCheckerAppTests;
			productReference = 0199CCC82E3396F400611C73 /* FactCheckerAppTests.xctest */;
			productType = "com.apple.product-type.bundle.unit-test";
		};
		0199CCD12E3396F400611C73 /* FactCheckerAppUITests */ = {
			isa = PBXNativeTarget;
			buildConfigurationList = 0199CCE32E3396F400611C73 /* Build configuration list for PBXNativeTarget "FactCheckerAppUITests" */;
			buildPhases = (
				0199CCCE2E3396F400611C73 /* Sources */,
				0199CCCF2E3396F400611C73 /* Frameworks */,
				0199CCD02E3396F400611C73 /* Resources */,
			);
			buildRules = (
			);
			dependencies = (
				0199CCD42E3396F400611C73 /* PBXTargetDependency */,
			);
			fileSystemSynchronizedGroups = (
				0199CCD52E3396F400611C73 /* FactCheckerAppUITests */,
			);
			name = FactCheckerAppUITests;
			packageProductDependencies = (
			);
			productName = FactCheckerAppUITests;
			productReference = 0199CCD22E3396F400611C73 /* FactCheckerAppUITests.xctest */;
			productType = "com.apple.product-type.bundle.ui-testing";
		};
/* End PBXNativeTarget section */

/* Begin PBXProject section */
		0199CCAC2E3396F000611C73 /* Project object */ = {
			isa = PBXProject;
			attributes = {
				BuildIndependentTargetsInParallel = 1;
				LastSwiftUpdateCheck = 1640;
				LastUpgradeCheck = 1640;
				TargetAttributes = {
					0199CCB32E3396F000611C73 = {
						CreatedOnToolsVersion = 16.4;
					};
					0199CCC72E3396F400611C73 = {
						CreatedOnToolsVersion = 16.4;
						TestTargetID = 0199CCB32E3396F000611C73;
					};
					0199CCD12E3396F400611C73 = {
						CreatedOnToolsVersion = 16.4;
						TestTargetID = 0199CCB32E3396F000611C73;
					};
				};
			};
			buildConfigurationList = 0199CCAF2E3396F000611C73 /* Build configuration list for PBXProject "FactCheckerApp" */;
			developmentRegion = en;
			hasScannedForEncodings = 0;
			knownRegions = (
				en,
				Base,
			);
			mainGroup = 0199CCAB2E3396F000611C73;
			minimizedProjectReferenceProxies = 1;
			preferredProjectObjectVersion = 77;
			productRefGroup = 0199CCB52E3396F000611C73 /* Products */;
			projectDirPath = "";
			projectRoot = "";
			targets = (
				0199CCB32E3396F000611C73 /* FactCheckerApp */,
				0199CCC72E3396F400611C73 /* FactCheckerAppTests */,
				0199CCD12E3396F400611C73 /* FactCheckerAppUITests */,
			);
		};
/* End PBXProject section */

/* Begin PBXResourcesBuildPhase section */
		0199CCB22E3396F000611C73 /* Resources */ = {
			isa = PBXResourcesBuildPhase;
			buildActionMask = 2147483647;
			files = (
			);
			runOnlyForDeploymentPostprocessing = 0;
		};
		0199CCC62E3396F400611C73 /* Resources */ = {
			isa = PBXResourcesBuildPhase;
			buildActionMask = 2147483647;
			files = (
			);
			runOnlyForDeploymentPostprocessing = 0;
		};
		0199CCD02E3396F400611C73 /* Resources */ = {
			isa = PBXResourcesBuildPhase;
			buildActionMask = 2147483647;
			files = (
			);
			runOnlyForDeploymentPostprocessing = 0;
		};
/* End PBXResourcesBuildPhase section */

/* Begin PBXSourcesBuildPhase section */
		0199CCB02E3396F000611C73 /* Sources */ = {
			isa = PBXSourcesBuildPhase;
			buildActionMask = 2147483647;
			files = (
			);
			runOnlyForDeploymentPostprocessing = 0;
		};
		0199CCC42E3396F400611C73 /* Sources */ = {
			isa = PBXSourcesBuildPhase;
			buildActionMask = 2147483647;
			files = (
			);
			runOnlyForDeploymentPostprocessing = 0;
		};
		0199CCCE2E3396F400611C73 /* Sources */ = {
			isa = PBXSourcesBuildPhase;
			buildActionMask = 2147483647;
			files = (
			);
			runOnlyForDeploymentPostprocessing = 0;
		};
/* End PBXSourcesBuildPhase section */

/* Begin PBXTargetDependency section */
		0199CCCA2E3396F400611C73 /* PBXTargetDependency */ = {
			isa = PBXTargetDependency;
			target = 0199CCB32E3396F000611C73 /* FactCheckerApp */;
			targetProxy = 0199CCC92E3396F400611C73 /* PBXContainerItemProxy */;
		};
		0199CCD42E3396F400611C73 /* PBXTargetDependency */ = {
			isa = PBXTargetDependency;
			target = 0199CCB32E3396F000611C73 /* FactCheckerApp */;
			targetProxy = 0199CCD32E3396F400611C73 /* PBXContainerItemProxy */;
		};
/* End PBXTargetDependency section */

/* Begin XCBuildConfiguration section */
		0199CCDC2E3396F400611C73 /* Debug */ = {
			isa = XCBuildConfiguration;
			buildSettings = {
				ASSETCATALOG_COMPILER_APPICON_NAME = AppIcon;
				ASSETCATALOG_COMPILER_GLOBAL_ACCENT_COLOR_NAME = AccentColor;
				CODE_SIGN_ENTITLEMENTS = FactCheckerApp/FactCheckerApp.entitlements;
				CODE_SIGN_STYLE = Automatic;
				CURRENT_PROJECT_VERSION = 1;
				DEVELOPMENT_TEAM = HV8Z5KUF4P;
				ENABLE_PREVIEWS = YES;
				GENERATE_INFOPLIST_FILE = YES;
				INFOPLIST_FILE = FactCheckerApp/Info.plist;
				INFOPLIST_KEY_NSMicrophoneUsageDescription = "FactCheck Pro needs microphone access to listen to and transcribe speech for fact-checking.";
				INFOPLIST_KEY_UIApplicationSceneManifest_Generation = YES;
				INFOPLIST_KEY_UIApplicationSupportsIndirectInputEvents = YES;
				INFOPLIST_KEY_UILaunchScreen_Generation = YES;
				INFOPLIST_KEY_UISupportedInterfaceOrientations_iPad = "UIInterfaceOrientationPortrait UIInterfaceOrientationPortraitUpsideDown UIInterfaceOrientationLandscapeLeft UIInterfaceOrientationLandscapeRight";
				INFOPLIST_KEY_UISupportedInterfaceOrientations_iPhone = "UIInterfaceOrientationPortrait UIInterfaceOrientationLandscapeLeft UIInterfaceOrientationLandscapeRight";
				LD_RUNPATH_SEARCH_PATHS = (
					"$(inherited)",
					"@executable_path/Frameworks",
				);
				MARKETING_VERSION = 1.0;
				PRODUCT_BUNDLE_IDENTIFIER = "http---localhost-8888-edit-example-20-4-.py.FactCheckerApp";
				PRODUCT_NAME = "$(TARGET_NAME)";
				SWIFT_EMIT_LOC_STRINGS = YES;
				SWIFT_VERSION = 5.0;
				TARGETED_DEVICE_FAMILY = "1,2";
			};
			name = Debug;
		};
		0199CCDD2E3396F400611C73 /* Release */ = {
			isa = XCBuildConfiguration;
			buildSettings = {
				ASSETCATALOG_COMPILER_APPICON_NAME = AppIcon;
				ASSETCATALOG_COMPILER_GLOBAL_ACCENT_COLOR_NAME = AccentColor;
				CODE_SIGN_ENTITLEMENTS = FactCheckerApp/FactCheckerApp.entitlements;
				CODE_SIGN_STYLE = Automatic;
				CURRENT_PROJECT_VERSION = 1;
				DEVELOPMENT_TEAM = HV8Z5KUF4P;
				ENABLE_PREVIEWS = YES;
				GENERATE_INFOPLIST_FILE = YES;
				INFOPLIST_FILE = FactCheckerApp/Info.plist;
				INFOPLIST_KEY_NSMicrophoneUsageDescription = "FactCheck Pro needs microphone access to listen to and transcribe speech for fact-checking.";
				INFOPLIST_KEY_UIApplicationSceneManifest_Generation = YES;
				INFOPLIST_KEY_UIApplicationSupportsIndirectInputEvents = YES;
				INFOPLIST_KEY_UILaunchScreen_Generation = YES;
				INFOPLIST_KEY_UISupportedInterfaceOrientations_iPad = "UIInterfaceOrientationPortrait UIInterfaceOrientationPortraitUpsideDown UIInterfaceOrientationLandscapeLeft UIInterfaceOrientationLandscapeRight";
				INFOPLIST_KEY_UISupportedInterfaceOrientations_iPhone = "UIInterfaceOrientationPortrait UIInterfaceOrientationLandscapeLeft UIInterfaceOrientationLandscapeRight";
				LD_RUNPATH_SEARCH_PATHS = (
					"$(inherited)",
					"@executable_path/Frameworks",
				);
				MARKETING_VERSION = 1.0;
				PRODUCT_BUNDLE_IDENTIFIER = "http---localhost-8888-edit-example-20-4-.py.FactCheckerApp";
				PRODUCT_NAME = "$(TARGET_NAME)";
				SWIFT_EMIT_LOC_STRINGS = YES;
				SWIFT_VERSION = 5.0;
				TARGETED_DEVICE_FAMILY = "1,2";
			};
			name = Release;
		};
		0199CCDE2E3396F400611C73 /* Debug */ = {
			isa = XCBuildConfiguration;
			buildSettings = {
				ALWAYS_SEARCH_USER_PATHS = NO;
				ASSETCATALOG_COMPILER_GENERATE_SWIFT_ASSET_SYMBOL_EXTENSIONS = YES;
				CLANG_ANALYZER_NONNULL = YES;
				CLANG_ANALYZER_NUMBER_OBJECT_CONVERSION = YES_AGGRESSIVE;
				CLANG_CXX_LANGUAGE_STANDARD = "gnu++20";
				CLANG_ENABLE_MODULES = YES;
				CLANG_ENABLE_OBJC_ARC = YES;
				CLANG_ENABLE_OBJC_WEAK = YES;
				CLANG_WARN_BLOCK_CAPTURE_AUTORELEASING = YES;
				CLANG_WARN_BOOL_CONVERSION = YES;
				CLANG_WARN_COMMA = YES;
				CLANG_WARN_CONSTANT_CONVERSION = YES;
				CLANG_WARN_DEPRECATED_OBJC_IMPLEMENTATIONS = YES;
				CLANG_WARN_DIRECT_OBJC_ISA_USAGE = YES_ERROR;
				CLANG_WARN_DOCUMENTATION_COMMENTS = YES;
				CLANG_WARN_EMPTY_BODY = YES;
				CLANG_WARN_ENUM_CONVERSION = YES;
				CLANG_WARN_INFINITE_RECURSION = YES;
				CLANG_WARN_INT_CONVERSION = YES;
				CLANG_WARN_NON_LITERAL_NULL_CONVERSION = YES;
				CLANG_WARN_OBJC_IMPLICIT_RETAIN_SELF = YES;
				CLANG_WARN_OBJC_LITERAL_CONVERSION = YES;
				CLANG_WARN_OBJC_ROOT_CLASS = YES_ERROR;
				CLANG_WARN_QUOTED_INCLUDE_IN_FRAMEWORK_HEADER = YES;
				CLANG_WARN_RANGE_LOOP_ANALYSIS = YES;
				CLANG_WARN_STRICT_PROTOTYPES = YES;
				CLANG_WARN_SUSPICIOUS_MOVE = YES;
				CLANG_WARN_UNGUARDED_AVAILABILITY = YES_AGGRESSIVE;
				CLANG_WARN_UNREACHABLE_CODE = YES;
				CLANG_WARN__DUPLICATE_METHOD_MATCH = YES;
				COPY_PHASE_STRIP = NO;
				DEBUG_INFORMATION_FORMAT = dwarf;
				DEVELOPMENT_TEAM = HV8Z5KUF4P;
				ENABLE_STRICT_OBJC_MSGSEND = YES;
				ENABLE_TESTABILITY = YES;
				ENABLE_USER_SCRIPT_SANDBOXING = YES;
				GCC_C_LANGUAGE_STANDARD = gnu17;
				GCC_DYNAMIC_NO_PIC = NO;
				GCC_NO_COMMON_BLOCKS = YES;
				GCC_OPTIMIZATION_LEVEL = 0;
				GCC_PREPROCESSOR_DEFINITIONS = (
					"DEBUG=1",
					"$(inherited)",
				);
				GCC_WARN_64_TO_32_BIT_CONVERSION = YES;
				GCC_WARN_ABOUT_RETURN_TYPE = YES_ERROR;
				GCC_WARN_UNDECLARED_SELECTOR = YES;
				GCC_WARN_UNINITIALIZED_AUTOS = YES_AGGRESSIVE;
				GCC_WARN_UNUSED_FUNCTION = YES;
				GCC_WARN_UNUSED_VARIABLE = YES;
				IPHONEOS_DEPLOYMENT_TARGET = 18.5;
				LOCALIZATION_PREFERS_STRING_CATALOGS = YES;
				MTL_ENABLE_DEBUG_INFO = INCLUDE_SOURCE;
				MTL_FAST_MATH = YES;
				ONLY_ACTIVE_ARCH = YES;
				SDKROOT = iphoneos;
				SWIFT_ACTIVE_COMPILATION_CONDITIONS = "DEBUG $(inherited)";
				SWIFT_OPTIMIZATION_LEVEL = "-Onone";
			};
			name = Debug;
		};
		0199CCDF2E3396F400611C73 /* Release */ = {
			isa = XCBuildConfiguration;
			buildSettings = {
				ALWAYS_SEARCH_USER_PATHS = NO;
				ASSETCATALOG_COMPILER_GENERATE_SWIFT_ASSET_SYMBOL_EXTENSIONS = YES;
				CLANG_ANALYZER_NONNULL = YES;
				CLANG_ANALYZER_NUMBER_OBJECT_CONVERSION = YES_AGGRESSIVE;
				CLANG_CXX_LANGUAGE_STANDARD = "gnu++20";
				CLANG_ENABLE_MODULES = YES;
				CLANG_ENABLE_OBJC_ARC = YES;
				CLANG_ENABLE_OBJC_WEAK = YES;
				CLANG_WARN_BLOCK_CAPTURE_AUTORELEASING = YES;
				CLANG_WARN_BOOL_CONVERSION = YES;
				CLANG_WARN_COMMA = YES;
				CLANG_WARN_CONSTANT_CONVERSION = YES;
				CLANG_WARN_DEPRECATED_OBJC_IMPLEMENTATIONS = YES;
				CLANG_WARN_DIRECT_OBJC_ISA_USAGE = YES_ERROR;
				CLANG_WARN_DOCUMENTATION_COMMENTS = YES;
				CLANG_WARN_EMPTY_BODY = YES;
				CLANG_WARN_ENUM_CONVERSION = YES;
				CLANG_WARN_INFINITE_RECURSION = YES;
				CLANG_WARN_INT_CONVERSION = YES;
				CLANG_WARN_NON_LITERAL_NULL_CONVERSION = YES;
				CLANG_WARN_OBJC_IMPLICIT_RETAIN_SELF = YES;
				CLANG_WARN_OBJC_LITERAL_CONVERSION = YES;
				CLANG_WARN_OBJC_ROOT_CLASS = YES_ERROR;
				CLANG_WARN_QUOTED_INCLUDE_IN_FRAMEWORK_HEADER = YES;
				CLANG_WARN_RANGE_LOOP_ANALYSIS = YES;
				CLANG_WARN_STRICT_PROTOTYPES = YES;
				CLANG_WARN_SUSPICIOUS_MOVE = YES;
				CLANG_WARN_UNGUARDED_AVAILABILITY = YES_AGGRESSIVE;
				CLANG_WARN_UNREACHABLE_CODE = YES;
				CLANG_WARN__DUPLICATE_METHOD_MATCH = YES;
				COPY_PHASE_STRIP = NO;
				DEBUG_INFORMATION_FORMAT = "dwarf-with-dsym";
				DEVELOPMENT_TEAM = HV8Z5KUF4P;
				ENABLE_NS_ASSERTIONS = NO;
				ENABLE_STRICT_OBJC_MSGSEND = YES;
				ENABLE_USER_SCRIPT_SANDBOXING = YES;
				GCC_C_LANGUAGE_STANDARD = gnu17;
				GCC_NO_COMMON_BLOCKS = YES;
				GCC_WARN_64_TO_32_BIT_CONVERSION = YES;
				GCC_WARN_ABOUT_RETURN_TYPE = YES_ERROR;
				GCC_WARN_UNDECLARED_SELECTOR = YES;
				GCC_WARN_UNINITIALIZED_AUTOS = YES_AGGRESSIVE;
				GCC_WARN_UNUSED_FUNCTION = YES;
				GCC_WARN_UNUSED_VARIABLE = YES;
				IPHONEOS_DEPLOYMENT_TARGET = 18.5;
				LOCALIZATION_PREFERS_STRING_CATALOGS = YES;
				MTL_ENABLE_DEBUG_INFO = NO;
				MTL_FAST_MATH = YES;
				SDKROOT = iphoneos;
				SWIFT_COMPILATION_MODE = wholemodule;
				VALIDATE_PRODUCT = YES;
			};
			name = Release;
		};
		0199CCE12E3396F400611C73 /* Debug */ = {
			isa = XCBuildConfiguration;
			buildSettings = {
				BUNDLE_LOADER = "$(TEST_HOST)";
				CODE_SIGN_STYLE = Automatic;
				CURRENT_PROJECT_VERSION = 1;
				DEVELOPMENT_TEAM = HV8Z5KUF4P;
				GENERATE_INFOPLIST_FILE = YES;
				IPHONEOS_DEPLOYMENT_TARGET = 18.5;
				MARKETING_VERSION = 1.0;
				PRODUCT_BUNDLE_IDENTIFIER = "http---localhost-8888-edit-example-20-4-.py.FactCheckerAppTests";
				PRODUCT_NAME = "$(TARGET_NAME)";
				SWIFT_EMIT_LOC_STRINGS = NO;
				SWIFT_VERSION = 5.0;
				TARGETED_DEVICE_FAMILY = "1,2";
				TEST_HOST = "$(BUILT_PRODUCTS_DIR)/FactCheckerApp.app/$(BUNDLE_EXECUTABLE_FOLDER_PATH)/FactCheckerApp";
			};
			name = Debug;
		};
		0199CCE22E3396F400611C73 /* Release */ = {
			isa = XCBuildConfiguration;
			buildSettings = {
				BUNDLE_LOADER = "$(TEST_HOST)";
				CODE_SIGN_STYLE = Automatic;
				CURRENT_PROJECT_VERSION = 1;
				DEVELOPMENT_TEAM = HV8Z5KUF4P;
				GENERATE_INFOPLIST_FILE = YES;
				IPHONEOS_DEPLOYMENT_TARGET = 18.5;
				MARKETING_VERSION = 1.0;
				PRODUCT_BUNDLE_IDENTIFIER = "http---localhost-8888-edit-example-20-4-.py.FactCheckerAppTests";
				PRODUCT_NAME = "$(TARGET_NAME)";
				SWIFT_EMIT_LOC_STRINGS = NO;
				SWIFT_VERSION = 5.0;
				TARGETED_DEVICE_FAMILY = "1,2";
				TEST_HOST = "$(BUILT_PRODUCTS_DIR)/FactCheckerApp.app/$(BUNDLE_EXECUTABLE_FOLDER_PATH)/FactCheckerApp";
			};
			name = Release;
		};
		0199CCE42E3396F400611C73 /* Debug */ = {
			isa = XCBuildConfiguration;
			buildSettings = {
				CODE_SIGN_STYLE = Automatic;
				CURRENT_PROJECT_VERSION = 1;
				DEVELOPMENT_TEAM = HV8Z5KUF4P;
				GENERATE_INFOPLIST_FILE = YES;
				MARKETING_VERSION = 1.0;
				PRODUCT_BUNDLE_IDENTIFIER = "http---localhost-8888-edit-example-20-4-.py.FactCheckerAppUITests";
				PRODUCT_NAME = "$(TARGET_NAME)";
				SWIFT_EMIT_LOC_STRINGS = NO;
				SWIFT_VERSION = 5.0;
				TARGETED_DEVICE_FAMILY = "1,2";
				TEST_TARGET_NAME = FactCheckerApp;
			};
			name = Debug;
		};
		0199CCE52E3396F400611C73 /* Release */ = {
			isa = XCBuildConfiguration;
			buildSettings = {
				CODE_SIGN_STYLE = Automatic;
				CURRENT_PROJECT_VERSION = 1;
				DEVELOPMENT_TEAM = HV8Z5KUF4P;
				GENERATE_INFOPLIST_FILE = YES;
				MARKETING_VERSION = 1.0;
				PRODUCT_BUNDLE_IDENTIFIER = "http---localhost-8888-edit-example-20-4-.py.FactCheckerAppUITests";
				PRODUCT_NAME = "$(TARGET_NAME)";
				SWIFT_EMIT_LOC_STRINGS = NO;
				SWIFT_VERSION = 5.0;
				TARGETED_DEVICE_FAMILY = "1,2";
				TEST_TARGET_NAME = FactCheckerApp;
			};
			name = Release;
		};
/* End XCBuildConfiguration section */

/* Begin XCConfigurationList section */
		0199CCAF2E3396F000611C73 /* Build configuration list for PBXProject "FactCheckerApp" */ = {
			isa = XCConfigurationList;
			buildConfigurations = (
				0199CCDE2E3396F400611C73 /* Debug */,
				0199CCDF2E3396F400611C73 /* Release */,
			);
			defaultConfigurationIsVisible = 0;
			defaultConfigurationName = Release;
		};
		0199CCDB2E3396F400611C73 /* Build configuration list for PBXNativeTarget "FactCheckerApp" */ = {
			isa = XCConfigurationList;
			buildConfigurations = (
				0199CCDC2E3396F400611C73 /* Debug */,
				0199CCDD2E3396F400611C73 /* Release */,
			);
			defaultConfigurationIsVisible = 0;
			defaultConfigurationName = Release;
		};
		0199CCE02E3396F400611C73 /* Build configuration list for PBXNativeTarget "FactCheckerAppTests" */ = {
			isa = XCConfigurationList;
			buildConfigurations = (
				0199CCE12E3396F400611C73 /* Debug */,
				0199CCE22E3396F400611C73 /* Release */,
			);
			defaultConfigurationIsVisible = 0;
			defaultConfigurationName = Release;
		};
		0199CCE32E3396F400611C73 /* Build configuration list for PBXNativeTarget "FactCheckerAppUITests" */ = {
			isa = XCConfigurationList;
			buildConfigurations = (
				0199CCE42E3396F400611C73 /* Debug */,
				0199CCE52E3396F400611C73 /* Release */,
			);
			defaultConfigurationIsVisible = 0;
			defaultConfigurationName = Release;
		};
/* End XCConfigurationList section */
	};
	rootObject = 0199CCAC2E3396F000611C73 /* Project object */;
}
